
Microsoft Visual Studio Solution File, Format Version 12.00
# Visual Studio Version 17
VisualStudioVersion = 17.14.36414.22 d17.14
MinimumVisualStudioVersion = 10.0.40219.1
Project("{FAE04EC0-301F-11D3-BF4B-00C04F79EFBC}") = "TelHai.DotNet.PlayerProject", "TelHai.DotNet.PlayerProject.csproj", "{78FC4470-5AAE-D23F-2A88-57799AA6B589}"
EndProject
Global
	GlobalSection(SolutionConfigurationPlatforms) = preSolution
		Debug|Any CPU = Debug|Any CPU
		Release|Any CPU = Release|Any CPU
	EndGlobalSection
	GlobalSection(ProjectConfigurationPlatforms) = postSolution
		{78FC4470-5AAE-D23F-2A88-57799AA6B589}.Debug|Any CPU.ActiveCfg = Debug|Any CPU
		{78FC4470-5AAE-D23F-2A88-57799AA6B589}.Debug|Any CPU.Build.0 = Debug|Any CPU
		{78FC4470-5AAE-D23F-2A88-57799AA6B589}.Release|Any CPU.ActiveCfg = Release|Any CPU
		{78FC4470-5AAE-D23F-2A88-57799AA6B589}.Release|Any CPU.Build.0 = Release|Any CPU
	EndGlobalSection
	GlobalSection(SolutionProperties) = preSolution
		HideSolutionNode = FALSE
	EndGlobalSection
	GlobalSection(ExtensibilityGlobals) = postSolution
		SolutionGuid = {C49309BF-5CEE-430A-9053-61F4DDF0A819}
	EndGlobalSection
EndGlobal
